// !$*UTF8*$!
{
	archiveVersion = 1;
	classes = {
	};
	objectVersion = 45;
	objects = {

/* Begin PBXBuildFile section */
		B87B0DE11AA1826A00A69BA5 /* icon2.png in Resources */ = {isa = PBXBuildFile; fileRef = B87B0DE01AA1826A00A69BA5 /* icon2.png */; };
		B87B0DE71AA18B3200A69BA5 /* icon58.png in Resources */ = {isa = PBXBuildFile; fileRef = B87B0DE21AA18B3200A69BA5 /* icon58.png */; };
		B87B0DE81AA18B3200A69BA5 /* icon80.png in Resources */ = {isa = PBXBuildFile; fileRef = B87B0DE31AA18B3200A69BA5 /* icon80.png */; };
		B87B0DE91AA18B3200A69BA5 /* icon87.png in Resources */ = {isa = PBXBuildFile; fileRef = B87B0DE41AA18B3200A69BA5 /* icon87.png */; };
		B87B0DEA1AA18B3200A69BA5 /* icon120.png in Resources */ = {isa = PBXBuildFile; fileRef = B87B0DE51AA18B3200A69BA5 /* icon120.png */; };
		B87B0DEB1AA18B3200A69BA5 /* icon180.png in Resources */ = {isa = PBXBuildFile; fileRef = B87B0DE61AA18B3200A69BA5 /* icon180.png */; };
		B88DB4E61A9B3F2200BCFB9F /* main.m in Sources */ = {isa = PBXBuildFile; fileRef = B88DB4E51A9B3F2200BCFB9F /* main.m */; };
		B88DB4E91A9B3F2200BCFB9F /* AppDelegate.m in Sources */ = {isa = PBXBuildFile; fileRef = B88DB4E81A9B3F2200BCFB9F /* AppDelegate.m */; };
		B88DB4EC1A9B3F2200BCFB9F /* ClapBeat.xcdatamodeld in Sources */ = {isa = PBXBuildFile; fileRef = B88DB4EA1A9B3F2200BCFB9F /* ClapBeat.xcdatamodeld */; };
		B88DB4EF1A9B3F2200BCFB9F /* ViewController.m in Sources */ = {isa = PBXBuildFile; fileRef = B88DB4EE1A9B3F2200BCFB9F /* ViewController.m */; };
		B88DB4F21A9B3F2200BCFB9F /* Main.storyboard in Resources */ = {isa = PBXBuildFile; fileRef = B88DB4F01A9B3F2200BCFB9F /* Main.storyboard */; };
		B88DB4F41A9B3F2200BCFB9F /* Images.xcassets in Resources */ = {isa = PBXBuildFile; fileRef = B88DB4F31A9B3F2200BCFB9F /* Images.xcassets */; };
		B88DB4F71A9B3F2200BCFB9F /* LaunchScreen.xib in Resources */ = {isa = PBXBuildFile; fileRef = B88DB4F51A9B3F2200BCFB9F /* LaunchScreen.xib */; };
		B88DB5031A9B3F2300BCFB9F /* ClapBeatTests.m in Sources */ = {isa = PBXBuildFile; fileRef = B88DB5021A9B3F2300BCFB9F /* ClapBeatTests.m */; };
		B88DB50F1A9B40D000BCFB9F /* clap-button.png in Resources */ = {isa = PBXBuildFile; fileRef = B88DB50C1A9B40D000BCFB9F /* clap-button.png */; };
		B88DB5101A9B40D000BCFB9F /* clap.wav in Resources */ = {isa = PBXBuildFile; fileRef = B88DB50D1A9B40D000BCFB9F /* clap.wav */; };
		B88DB5111A9B40D000BCFB9F /* icon.png in Resources */ = {isa = PBXBuildFile; fileRef = B88DB50E1A9B40D000BCFB9F /* icon.png */; };
		B88DB5141A9EBDFE00BCFB9F /* Clap.m in Sources */ = {isa = PBXBuildFile; fileRef = B88DB5131A9EBDFE00BCFB9F /* Clap.m */; };
		B88DB5161A9EBF4C00BCFB9F /* AudioToolbox.framework in Frameworks */ = {isa = PBXBuildFile; fileRef = B88DB5151A9EBF4C00BCFB9F /* AudioToolbox.framework */; };
		B88DB51A1A9ED8E800BCFB9F /* icon1.png in Resources */ = {isa = PBXBuildFile; fileRef = B88DB5191A9ED8E800BCFB9F /* icon1.png */; };
/* End PBXBuildFile section */

/* Begin PBXContainerItemProxy section */
		B88DB4FD1A9B3F2200BCFB9F /* PBXContainerItemProxy */ = {
			isa = PBXContainerItemProxy;
			containerPortal = B88DB4D81A9B3F2200BCFB9F /* Project object */;
			proxyType = 1;
			remoteGlobalIDString = B88DB4DF1A9B3F2200BCFB9F;
			remoteInfo = ClapBeat;
		};
/* End PBXContainerItemProxy section */

/* Begin PBXFileReference section */
		B87B0DE01AA1826A00A69BA5 /* icon2.png */ = {isa = PBXFileReference; lastKnownFileType = image.png; name = icon2.png; path = ../../icon2.png; sourceTree = "<group>"; };
		B87B0DE21AA18B3200A69BA5 /* icon58.png */ = {isa = PBXFileReference; lastKnownFileType = image.png; name = icon58.png; path = ../../icon58.png; sourceTree = "<group>"; };
		B87B0DE31AA18B3200A69BA5 /* icon80.png */ = {isa = PBXFileReference; lastKnownFileType = image.png; name = icon80.png; path = ../../icon80.png; sourceTree = "<group>"; };
		B87B0DE41AA18B3200A69BA5 /* icon87.png */ = {isa = PBXFileReference; lastKnownFileType = image.png; name = icon87.png; path = ../../icon87.png; sourceTree = "<group>"; };
		B87B0DE51AA18B3200A69BA5 /* icon120.png */ = {isa = PBXFileReference; lastKnownFileType = image.png; name = icon120.png; path = ../../icon120.png; sourceTree = "<group>"; };
		B87B0DE61AA18B3200A69BA5 /* icon180.png */ = {isa = PBXFileReference; lastKnownFileType = image.png; name = icon180.png; path = ../../icon180.png; sourceTree = "<group>"; };
		B88DB4E01A9B3F2200BCFB9F /* ClapBeat.app */ = {isa = PBXFileReference; explicitFileType = wrapper.application; includeInIndex = 0; path = ClapBeat.app; sourceTree = BUILT_PRODUCTS_DIR; };
		B88DB4E41A9B3F2200BCFB9F /* Info.plist */ = {isa = PBXFileReference; lastKnownFileType = text.plist.xml; path = Info.plist; sourceTree = "<group>"; };
		B88DB4E51A9B3F2200BCFB9F /* main.m */ = {isa = PBXFileReference; lastKnownFileType = sourcecode.c.objc; path = main.m; sourceTree = "<group>"; };
		B88DB4E71A9B3F2200BCFB9F /* AppDelegate.h */ = {isa = PBXFileReference; lastKnownFileType = sourcecode.c.h; path = AppDelegate.h; sourceTree = "<group>"; };
		B88DB4E81A9B3F2200BCFB9F /* AppDelegate.m */ = {isa = PBXFileReference; lastKnownFileType = sourcecode.c.objc; path = AppDelegate.m; sourceTree = "<group>"; };
		B88DB4EB1A9B3F2200BCFB9F /* ClapBeat.xcdatamodel */ = {isa = PBXFileReference; lastKnownFileType = wrapper.xcdatamodel; path = ClapBeat.xcdatamodel; sourceTree = "<group>"; };
		B88DB4ED1A9B3F2200BCFB9F /* ViewController.h */ = {isa = PBXFileReference; lastKnownFileType = sourcecode.c.h; path = ViewController.h; sourceTree = "<group>"; };
		B88DB4EE1A9B3F2200BCFB9F /* ViewController.m */ = {isa = PBXFileReference; lastKnownFileType = sourcecode.c.objc; path = ViewController.m; sourceTree = "<group>"; };
		B88DB4F11A9B3F2200BCFB9F /* Base */ = {isa = PBXFileReference; lastKnownFileType = file.storyboard; name = Base; path = Base.lproj/Main.storyboard; sourceTree = "<group>"; };
		B88DB4F31A9B3F2200BCFB9F /* Images.xcassets */ = {isa = PBXFileReference; lastKnownFileType = folder.assetcatalog; path = Images.xcassets; sourceTree = "<group>"; };
		B88DB4F61A9B3F2200BCFB9F /* Base */ = {isa = PBXFileReference; lastKnownFileType = file.xib; name = Base; path = Base.lproj/LaunchScreen.xib; sourceTree = "<group>"; };
		B88DB4FC1A9B3F2200BCFB9F /* ClapBeatTests.xctest */ = {isa = PBXFileReference; explicitFileType = wrapper.cfbundle; includeInIndex = 0; path = ClapBeatTests.xctest; sourceTree = BUILT_PRODUCTS_DIR; };
		B88DB5011A9B3F2300BCFB9F /* Info.plist */ = {isa = PBXFileReference; lastKnownFileType = text.plist.xml; path = Info.plist; sourceTree = "<group>"; };
		B88DB5021A9B3F2300BCFB9F /* ClapBeatTests.m */ = {isa = PBXFileReference; lastKnownFileType = sourcecode.c.objc; path = ClapBeatTests.m; sourceTree = "<group>"; };
		B88DB50C1A9B40D000BCFB9F /* clap-button.png */ = {isa = PBXFileReference; lastKnownFileType = image.png; path = "clap-button.png"; sourceTree = "<group>"; };
		B88DB50D1A9B40D000BCFB9F /* clap.wav */ = {isa = PBXFileReference; lastKnownFileType = audio.wav; path = clap.wav; sourceTree = "<group>"; };
		B88DB50E1A9B40D000BCFB9F /* icon.png */ = {isa = PBXFileReference; lastKnownFileType = image.png; path = icon.png; sourceTree = "<group>"; };
		B88DB5121A9EBDFE00BCFB9F /* Clap.h */ = {isa = PBXFileReference; fileEncoding = 4; lastKnownFileType = sourcecode.c.h; path = Clap.h; sourceTree = "<group>"; };
		B88DB5131A9EBDFE00BCFB9F /* Clap.m */ = {isa = PBXFileReference; fileEncoding = 4; lastKnownFileType = sourcecode.c.objc; path = Clap.m; sourceTree = "<group>"; };
		B88DB5151A9EBF4C00BCFB9F /* AudioToolbox.framework */ = {isa = PBXFileReference; lastKnownFileType = wrapper.framework; name = AudioToolbox.framework; path = System/Library/Frameworks/AudioToolbox.framework; sourceTree = SDKROOT; };
		B88DB5191A9ED8E800BCFB9F /* icon1.png */ = {isa = PBXFileReference; lastKnownFileType = image.png; name = icon1.png; path = ../../icon1.png; sourceTree = "<group>"; };
/* End PBXFileReference section */

/* Begin PBXFrameworksBuildPhase section */
		B88DB4DD1A9B3F2200BCFB9F /* Frameworks */ = {
			isa = PBXFrameworksBuildPhase;
			buildActionMask = 2147483647;
			files = (
				B88DB5161A9EBF4C00BCFB9F /* AudioToolbox.framework in Frameworks */,
			);
			runOnlyForDeploymentPostprocessing = 0;
		};
		B88DB4F91A9B3F2200BCFB9F /* Frameworks */ = {
			isa = PBXFrameworksBuildPhase;
			buildActionMask = 2147483647;
			files = (
			);
			runOnlyForDeploymentPostprocessing = 0;
		};
/* End PBXFrameworksBuildPhase section */

/* Begin PBXGroup section */
		B88DB4D71A9B3F2200BCFB9F = {
			isa = PBXGroup;
			children = (
				B88DB5151A9EBF4C00BCFB9F /* AudioToolbox.framework */,
				B88DB4E21A9B3F2200BCFB9F /* ClapBeat */,
				B88DB4FF1A9B3F2300BCFB9F /* ClapBeatTests */,
				B88DB4E11A9B3F2200BCFB9F /* Products */,
			);
			sourceTree = "<group>";
			usesTabs = 1;
		};
		B88DB4E11A9B3F2200BCFB9F /* Products */ = {
			isa = PBXGroup;
			children = (
				B88DB4E01A9B3F2200BCFB9F /* ClapBeat.app */,
				B88DB4FC1A9B3F2200BCFB9F /* ClapBeatTests.xctest */,
			);
			name = Products;
			sourceTree = "<group>";
		};
		B88DB4E21A9B3F2200BCFB9F /* ClapBeat */ = {
			isa = PBXGroup;
			children = (
				B87B0DE21AA18B3200A69BA5 /* icon58.png */,
				B87B0DE31AA18B3200A69BA5 /* icon80.png */,
				B87B0DE41AA18B3200A69BA5 /* icon87.png */,
				B87B0DE51AA18B3200A69BA5 /* icon120.png */,
				B87B0DE61AA18B3200A69BA5 /* icon180.png */,
				B87B0DE01AA1826A00A69BA5 /* icon2.png */,
				B88DB50C1A9B40D000BCFB9F /* clap-button.png */,
				B88DB5191A9ED8E800BCFB9F /* icon1.png */,
				B88DB50D1A9B40D000BCFB9F /* clap.wav */,
				B88DB50E1A9B40D000BCFB9F /* icon.png */,
				B88DB4E71A9B3F2200BCFB9F /* AppDelegate.h */,
				B88DB4E81A9B3F2200BCFB9F /* AppDelegate.m */,
				B88DB4ED1A9B3F2200BCFB9F /* ViewController.h */,
				B88DB4EE1A9B3F2200BCFB9F /* ViewController.m */,
				B88DB4F01A9B3F2200BCFB9F /* Main.storyboard */,
				B88DB4F31A9B3F2200BCFB9F /* Images.xcassets */,
				B88DB4F51A9B3F2200BCFB9F /* LaunchScreen.xib */,
				B88DB4EA1A9B3F2200BCFB9F /* ClapBeat.xcdatamodeld */,
				B88DB4E31A9B3F2200BCFB9F /* Supporting Files */,
				B88DB5121A9EBDFE00BCFB9F /* Clap.h */,
				B88DB5131A9EBDFE00BCFB9F /* Clap.m */,
			);
			path = ClapBeat;
			sourceTree = "<group>";
		};
		B88DB4E31A9B3F2200BCFB9F /* Supporting Files */ = {
			isa = PBXGroup;
			children = (
				B88DB4E41A9B3F2200BCFB9F /* Info.plist */,
				B88DB4E51A9B3F2200BCFB9F /* main.m */,
			);
			name = "Supporting Files";
			sourceTree = "<group>";
		};
		B88DB4FF1A9B3F2300BCFB9F /* ClapBeatTests */ = {
			isa = PBXGroup;
			children = (
				B88DB5021A9B3F2300BCFB9F /* ClapBeatTests.m */,
				B88DB5001A9B3F2300BCFB9F /* Supporting Files */,
			);
			path = ClapBeatTests;
			sourceTree = "<group>";
		};
		B88DB5001A9B3F2300BCFB9F /* Supporting Files */ = {
			isa = PBXGroup;
			children = (
				B88DB5011A9B3F2300BCFB9F /* Info.plist */,
			);
			name = "Supporting Files";
			sourceTree = "<group>";
		};
/* End PBXGroup section */

/* Begin PBXNativeTarget section */
		B88DB4DF1A9B3F2200BCFB9F /* ClapBeat */ = {
			isa = PBXNativeTarget;
			buildConfigurationList = B88DB5061A9B3F2300BCFB9F /* Build configuration list for PBXNativeTarget "ClapBeat" */;
			buildPhases = (
				B88DB4DC1A9B3F2200BCFB9F /* Sources */,
				B88DB4DD1A9B3F2200BCFB9F /* Frameworks */,
				B88DB4DE1A9B3F2200BCFB9F /* Resources */,
			);
			buildRules = (
			);
			dependencies = (
			);
			name = ClapBeat;
			productName = ClapBeat;
			productReference = B88DB4E01A9B3F2200BCFB9F /* ClapBeat.app */;
			productType = "com.apple.product-type.application";
		};
		B88DB4FB1A9B3F2200BCFB9F /* ClapBeatTests */ = {
			isa = PBXNativeTarget;
			buildConfigurationList = B88DB5091A9B3F2300BCFB9F /* Build configuration list for PBXNativeTarget "ClapBeatTests" */;
			buildPhases = (
				B88DB4F81A9B3F2200BCFB9F /* Sources */,
				B88DB4F91A9B3F2200BCFB9F /* Frameworks */,
				B88DB4FA1A9B3F2200BCFB9F /* Resources */,
			);
			buildRules = (
			);
			dependencies = (
				B88DB4FE1A9B3F2200BCFB9F /* PBXTargetDependency */,
			);
			name = ClapBeatTests;
			productName = ClapBeatTests;
			productReference = B88DB4FC1A9B3F2200BCFB9F /* ClapBeatTests.xctest */;
			productType = "com.apple.product-type.bundle.unit-test";
		};
/* End PBXNativeTarget section */

/* Begin PBXProject section */
		B88DB4D81A9B3F2200BCFB9F /* Project object */ = {
			isa = PBXProject;
			attributes = {
				LastUpgradeCheck = 0610;
				ORGANIZATIONNAME = LifeisTech;
				TargetAttributes = {
					B88DB4DF1A9B3F2200BCFB9F = {
						CreatedOnToolsVersion = 6.1.1;
					};
					B88DB4FB1A9B3F2200BCFB9F = {
						CreatedOnToolsVersion = 6.1.1;
						TestTargetID = B88DB4DF1A9B3F2200BCFB9F;
					};
				};
			};
			buildConfigurationList = B88DB4DB1A9B3F2200BCFB9F /* Build configuration list for PBXProject "ClapBeat" */;
			compatibilityVersion = "Xcode 3.1";
			developmentRegion = English;
			hasScannedForEncodings = 0;
			knownRegions = (
				en,
				Base,
			);
			mainGroup = B88DB4D71A9B3F2200BCFB9F;
			productRefGroup = B88DB4E11A9B3F2200BCFB9F /* Products */;
			projectDirPath = "";
			projectRoot = "";
			targets = (
				B88DB4DF1A9B3F2200BCFB9F /* ClapBeat */,
				B88DB4FB1A9B3F2200BCFB9F /* ClapBeatTests */,
			);
		};
/* End PBXProject section */

/* Begin PBXResourcesBuildPhase section */
		B88DB4DE1A9B3F2200BCFB9F /* Resources */ = {
			isa = PBXResourcesBuildPhase;
			buildActionMask = 2147483647;
			files = (
				B88DB5101A9B40D000BCFB9F /* clap.wav in Resources */,
				B88DB4F21A9B3F2200BCFB9F /* Main.storyboard in Resources */,
				B87B0DEA1AA18B3200A69BA5 /* icon120.png in Resources */,
				B88DB5111A9B40D000BCFB9F /* icon.png in Resources */,
				B88DB4F71A9B3F2200BCFB9F /* LaunchScreen.xib in Resources */,
				B87B0DE81AA18B3200A69BA5 /* icon80.png in Resources */,
				B88DB4F41A9B3F2200BCFB9F /* Images.xcassets in Resources */,
				B88DB50F1A9B40D000BCFB9F /* clap-button.png in Resources */,
				B87B0DE71AA18B3200A69BA5 /* icon58.png in Resources */,
				B88DB51A1A9ED8E800BCFB9F /* icon1.png in Resources */,
				B87B0DEB1AA18B3200A69BA5 /* icon180.png in Resources */,
				B87B0DE91AA18B3200A69BA5 /* icon87.png in Resources */,
				B87B0DE11AA1826A00A69BA5 /* icon2.png in Resources */,
			);
			runOnlyForDeploymentPostprocessing = 0;
		};
		B88DB4FA1A9B3F2200BCFB9F /* Resources */ = {
			isa = PBXResourcesBuildPhase;
			buildActionMask = 2147483647;
			files = (
			);
			runOnlyForDeploymentPostprocessing = 0;
		};
/* End PBXResourcesBuildPhase section */

/* Begin PBXSourcesBuildPhase section */
		B88DB4DC1A9B3F2200BCFB9F /* Sources */ = {
			isa = PBXSourcesBuildPhase;
			buildActionMask = 2147483647;
			files = (
				B88DB5141A9EBDFE00BCFB9F /* Clap.m in Sources */,
				B88DB4E91A9B3F2200BCFB9F /* AppDelegate.m in Sources */,
				B88DB4E61A9B3F2200BCFB9F /* main.m in Sources */,
				B88DB4EF1A9B3F2200BCFB9F /* ViewController.m in Sources */,
				B88DB4EC1A9B3F2200BCFB9F /* ClapBeat.xcdatamodeld in Sources */,
			);
			runOnlyForDeploymentPostprocessing = 0;
		};
		B88DB4F81A9B3F2200BCFB9F /* Sources */ = {
			isa = PBXSourcesBuildPhase;
			buildActionMask = 2147483647;
			files = (
				B88DB5031A9B3F2300BCFB9F /* ClapBeatTests.m in Sources */,
			);
			runOnlyForDeploymentPostprocessing = 0;
		};
/* End PBXSourcesBuildPhase section */

/* Begin PBXTargetDependency section */
		B88DB4FE1A9B3F2200BCFB9F /* PBXTargetDependency */ = {
			isa = PBXTargetDependency;
			target = B88DB4DF1A9B3F2200BCFB9F /* ClapBeat */;
			targetProxy = B88DB4FD1A9B3F2200BCFB9F /* PBXContainerItemProxy */;
		};
/* End PBXTargetDependency section */

/* Begin PBXVariantGroup section */
		B88DB4F01A9B3F2200BCFB9F /* Main.storyboard */ = {
			isa = PBXVariantGroup;
			children = (
				B88DB4F11A9B3F2200BCFB9F /* Base */,
			);
			name = Main.storyboard;
			sourceTree = "<group>";
		};
		B88DB4F51A9B3F2200BCFB9F /* LaunchScreen.xib */ = {
			isa = PBXVariantGroup;
			children = (
				B88DB4F61A9B3F2200BCFB9F /* Base */,
			);
			name = LaunchScreen.xib;
			sourceTree = "<group>";
		};
/* End PBXVariantGroup section */

/* Begin XCBuildConfiguration section */
		B88DB5041A9B3F2300BCFB9F /* Debug */ = {
			isa = XCBuildConfiguration;
			buildSettings = {
				ALWAYS_SEARCH_USER_PATHS = NO;
				CLANG_CXX_LANGUAGE_STANDARD = "gnu++0x";
				CLANG_CXX_LIBRARY = "libc++";
				CLANG_ENABLE_MODULES = YES;
				CLANG_ENABLE_OBJC_ARC = YES;
				CLANG_WARN_BOOL_CONVERSION = YES;
				CLANG_WARN_CONSTANT_CONVERSION = YES;
				CLANG_WARN_DIRECT_OBJC_ISA_USAGE = YES_ERROR;
				CLANG_WARN_EMPTY_BODY = YES;
				CLANG_WARN_ENUM_CONVERSION = YES;
				CLANG_WARN_INT_CONVERSION = YES;
				CLANG_WARN_OBJC_ROOT_CLASS = YES_ERROR;
				CLANG_WARN_UNREACHABLE_CODE = YES;
				CLANG_WARN__DUPLICATE_METHOD_MATCH = YES;
				"CODE_SIGN_IDENTITY[sdk=iphoneos*]" = "iPhone Developer";
				COPY_PHASE_STRIP = NO;
				ENABLE_STRICT_OBJC_MSGSEND = YES;
				GCC_C_LANGUAGE_STANDARD = gnu99;
				GCC_DYNAMIC_NO_PIC = NO;
				GCC_OPTIMIZATION_LEVEL = 0;
				GCC_PREPROCESSOR_DEFINITIONS = (
					"DEBUG=1",
					"$(inherited)",
				);
				GCC_SYMBOLS_PRIVATE_EXTERN = NO;
				GCC_WARN_64_TO_32_BIT_CONVERSION = YES;
				GCC_WARN_ABOUT_RETURN_TYPE = YES_ERROR;
				GCC_WARN_UNDECLARED_SELECTOR = YES;
				GCC_WARN_UNINITIALIZED_AUTOS = YES_AGGRESSIVE;
				GCC_WARN_UNUSED_FUNCTION = YES;
				GCC_WARN_UNUSED_VARIABLE = YES;
				IPHONEOS_DEPLOYMENT_TARGET = 8.1;
				MTL_ENABLE_DEBUG_INFO = YES;
				ONLY_ACTIVE_ARCH = YES;
				SDKROOT = iphoneos;
			};
			name = Debug;
		};
		B88DB5051A9B3F2300BCFB9F /* Release */ = {
			isa = XCBuildConfiguration;
			buildSettings = {
				ALWAYS_SEARCH_USER_PATHS = NO;
				CLANG_CXX_LANGUAGE_STANDARD = "gnu++0x";
				CLANG_CXX_LIBRARY = "libc++";
				CLANG_ENABLE_MODULES = YES;
				CLANG_ENABLE_OBJC_ARC = YES;
				CLANG_WARN_BOOL_CONVERSION = YES;
				CLANG_WARN_CONSTANT_CONVERSION = YES;
				CLANG_WARN_DIRECT_OBJC_ISA_USAGE = YES_ERROR;
				CLANG_WARN_EMPTY_BODY = YES;
				CLANG_WARN_ENUM_CONVERSION = YES;
				CLANG_WARN_INT_CONVERSION = YES;
				CLANG_WARN_OBJC_ROOT_CLASS = YES_ERROR;
				CLANG_WARN_UNREACHABLE_CODE = YES;
				CLANG_WARN__DUPLICATE_METHOD_MATCH = YES;
				"CODE_SIGN_IDENTITY[sdk=iphoneos*]" = "iPhone Developer";
				COPY_PHASE_STRIP = YES;
				ENABLE_NS_ASSERTIONS = NO;
				ENABLE_STRICT_OBJC_MSGSEND = YES;
				GCC_C_LANGUAGE_STANDARD = gnu99;
				GCC_WARN_64_TO_32_BIT_CONVERSION = YES;
				GCC_WARN_ABOUT_RETURN_TYPE = YES_ERROR;
				GCC_WARN_UNDECLARED_SELECTOR = YES;
				GCC_WARN_UNINITIALIZED_AUTOS = YES_AGGRESSIVE;
				GCC_WARN_UNUSED_FUNCTION = YES;
				GCC_WARN_UNUSED_VARIABLE = YES;
				IPHONEOS_DEPLOYMENT_TARGET = 8.1;
				MTL_ENABLE_DEBUG_INFO = NO;
				SDKROOT = iphoneos;
				VALIDATE_PRODUCT = YES;
			};
			name = Release;
		};
		B88DB5071A9B3F2300BCFB9F /* Debug */ = {
			isa = XCBuildConfiguration;
			buildSettings = {
				ASSETCATALOG_COMPILER_APPICON_NAME = AppIcon;
				ASSETCATALOG_COMPILER_LAUNCHIMAGE_NAME = LaunchImage;
				CODE_SIGN_IDENTITY = "iPhone Developer";
				INFOPLIST_FILE = ClapBeat/Info.plist;
				IPHONEOS_DEPLOYMENT_TARGET = 6.1;
				LD_RUNPATH_SEARCH_PATHS = "$(inherited) @executable_path/Frameworks";
				PRODUCT_NAME = "$(TARGET_NAME)";
				TARGETED_DEVICE_FAMILY = 1;
			};
			name = Debug;
		};
		B88DB5081A9B3F2300BCFB9F /* Release */ = {
			isa = XCBuildConfiguration;
			buildSettings = {
				ASSETCATALOG_COMPILER_APPICON_NAME = AppIcon;
				ASSETCATALOG_COMPILER_LAUNCHIMAGE_NAME = LaunchImage;
				CODE_SIGN_IDENTITY = "iPhone Developer";
				INFOPLIST_FILE = ClapBeat/Info.plist;
				IPHONEOS_DEPLOYMENT_TARGET = 6.1;
				LD_RUNPATH_SEARCH_PATHS = "$(inherited) @executable_path/Frameworks";
				PRODUCT_NAME = "$(TARGET_NAME)";
				TARGETED_DEVICE_FAMILY = 1;
			};
			name = Release;
		};
		B88DB50A1A9B3F2300BCFB9F /* Debug */ = {
			isa = XCBuildConfiguration;
			buildSettings = {
				BUNDLE_LOADER = "$(TEST_HOST)";
				FRAMEWORK_SEARCH_PATHS = (
					"$(SDKROOT)/Developer/Library/Frameworks",
					"$(inherited)",
				);
				GCC_PREPROCESSOR_DEFINITIONS = (
					"DEBUG=1",
					"$(inherited)",
				);
				INFOPLIST_FILE = ClapBeatTests/Info.plist;
				LD_RUNPATH_SEARCH_PATHS = "$(inherited) @executable_path/Frameworks @loader_path/Frameworks";
				PRODUCT_NAME = "$(TARGET_NAME)";
				TEST_HOST = "$(BUILT_PRODUCTS_DIR)/ClapBeat.app/ClapBeat";
			};
			name = Debug;
		};
		B88DB50B1A9B3F2300BCFB9F /* Release */ = {
			isa = XCBuildConfiguration;
			buildSettings = {
				BUNDLE_LOADER = "$(TEST_HOST)";
				FRAMEWORK_SEARCH_PATHS = (
					"$(SDKROOT)/Developer/Library/Frameworks",
					"$(inherited)",
				);
				INFOPLIST_FILE = ClapBeatTests/Info.plist;
				LD_RUNPATH_SEARCH_PATHS = "$(inherited) @executable_path/Frameworks @loader_path/Frameworks";
				PRODUCT_NAME = "$(TARGET_NAME)";
				TEST_HOST = "$(BUILT_PRODUCTS_DIR)/ClapBeat.app/ClapBeat";
			};
			name = Release;
		};
/* End XCBuildConfiguration section */

/* Begin XCConfigurationList section */
		B88DB4DB1A9B3F2200BCFB9F /* Build configuration list for PBXProject "ClapBeat" */ = {
			isa = XCConfigurationList;
			buildConfigurations = (
				B88DB5041A9B3F2300BCFB9F /* Debug */,
				B88DB5051A9B3F2300BCFB9F /* Release */,
			);
			defaultConfigurationIsVisible = 0;
			defaultConfigurationName = Release;
		};
		B88DB5061A9B3F2300BCFB9F /* Build configuration list for PBXNativeTarget "ClapBeat" */ = {
			isa = XCConfigurationList;
			buildConfigurations = (
				B88DB5071A9B3F2300BCFB9F /* Debug */,
				B88DB5081A9B3F2300BCFB9F /* Release */,
			);
			defaultConfigurationIsVisible = 0;
			defaultConfigurationName = Release;
		};
		B88DB5091A9B3F2300BCFB9F /* Build configuration list for PBXNativeTarget "ClapBeatTests" */ = {
			isa = XCConfigurationList;
			buildConfigurations = (
				B88DB50A1A9B3F2300BCFB9F /* Debug */,
				B88DB50B1A9B3F2300BCFB9F /* Release */,
			);
			defaultConfigurationIsVisible = 0;
			defaultConfigurationName = Release;
		};
/* End XCConfigurationList section */

/* Begin XCVersionGroup section */
		B88DB4EA1A9B3F2200BCFB9F /* ClapBeat.xcdatamodeld */ = {
			isa = XCVersionGroup;
			children = (
				B88DB4EB1A9B3F2200BCFB9F /* ClapBeat.xcdatamodel */,
			);
			currentVersion = B88DB4EB1A9B3F2200BCFB9F /* ClapBeat.xcdatamodel */;
			path = ClapBeat.xcdatamodeld;
			sourceTree = "<group>";
			versionGroupType = wrapper.xcdatamodel;
		};
/* End XCVersionGroup section */
	};
	rootObject = B88DB4D81A9B3F2200BCFB9F /* Project object */;
}
